{
  "originHash" : "a02bd664b99b04b792f4c4ac4642c59cbac3f1660c60b2b1b9ca68761e3a17f7",
  "pins" : [
    {
      "identity" : "haishinkit.swift",
      "kind" : "remoteSourceControl",
      "location" : "https://github.com/shogo4405/HaishinKit.swift",
      "state" : {
        "revision" : "84b3f4846b39abcdf18eec83a82011952af19f7a",
        "version" : "1.9.5"
      }
    },
    {
      "identity" : "logboard",
      "kind" : "remoteSourceControl",
      "location" : "https://github.com/shogo4405/Logboard.git",
      "state" : {
        "revision" : "272976e1f3e8873e60ffe4b08fe50df48a93751b",
        "version" : "2.5.0"
      }
    }
  ],
  "version" : 3
}
